
Microsoft Visual Studio Solution File, Format Version 12.00
# Visual Studio 15
VisualStudioVersion = 15.0.27428.2027
MinimumVisualStudioVersion = 10.0.40219.1
Project("{9A19103F-16F7-4668-BE54-9A1E7A4F7556}") = "Indigo.Functions.Redis", "src\Indigo.Functions.Redis\Indigo.Functions.Redis.csproj", "{2D378008-39C7-42B1-8E1F-D8B9CE988779}"
EndProject
Project("{2150E333-8FDC-42A3-9474-1A3956D46DE8}") = "sample", "sample", "{2D4AADF6-CFFA-4C73-9A31-5E24799C1F28}"
EndProject
Project("{9A19103F-16F7-4668-BE54-9A1E7A4F7556}") = "RedisFunctionSample", "sample\RedisFunctionSample\RedisFunctionSample.csproj", "{F31045A2-CF11-4D77-9D68-0DDF425FBB1F}"
EndProject
Project("{9A19103F-16F7-4668-BE54-9A1E7A4F7556}") = "Indigo.Functions.KeyVault", "src\Indigo.Functions.KeyVault\Indigo.Functions.KeyVault.csproj", "{9490796E-8A37-4058-B94E-598AB7342440}"
EndProject
Project("{9A19103F-16F7-4668-BE54-9A1E7A4F7556}") = "KeyVaultFunctionSample", "sample\KeyVaultFunctionSample\KeyVaultFunctionSample.csproj", "{BD507E66-7F99-453A-A54E-EE75E3F26009}"
EndProject
Project("{9A19103F-16F7-4668-BE54-9A1E7A4F7556}") = "Indigo.Functions.Injection", "src\Indigo.Functions.Injection\Indigo.Functions.Injection.csproj", "{52615839-8F33-46DE-9819-57DC2BDA2180}"
EndProject
Project("{9A19103F-16F7-4668-BE54-9A1E7A4F7556}") = "Indigo.Functions.Injection.IntegrationTests.InjectionTests", "test\Indigo.Functions.Injection.IntegrationTests.InjectionTests\Indigo.Functions.Injection.IntegrationTests.InjectionTests.csproj", "{85B3A8B6-1716-4972-AE83-7F2FD334B9BB}"
EndProject
Project("{9A19103F-16F7-4668-BE54-9A1E7A4F7556}") = "InjectionFunctionSample", "sample\InjectionFunctionSample\InjectionFunctionSample.csproj", "{5615968C-9078-4BA2-933A-1D736157D880}"
EndProject
Project("{9A19103F-16F7-4668-BE54-9A1E7A4F7556}") = "Indigo.Functions.Injection.IntegrationTests.CorrectConfig", "test\Indigo.Functions.Injection.IntegrationTests.CorrectConfig\Indigo.Functions.Injection.IntegrationTests.CorrectConfig.csproj", "{1BB63E4D-FCE8-414B-A0A2-B24D08BB7C8B}"
EndProject
Project("{9A19103F-16F7-4668-BE54-9A1E7A4F7556}") = "Indigo.Functions.Injection.IntegrationTests.NonPublicConfig", "test\Indigo.Functions.Injection.IntegrationTests.NonPublicConfig\Indigo.Functions.Injection.IntegrationTests.NonPublicConfig.csproj", "{48E264D7-7153-40E6-9E98-1EB0E39DEC10}"
EndProject
Project("{9A19103F-16F7-4668-BE54-9A1E7A4F7556}") = "ConfigurationFunctionSample", "sample\ConfigurationFunctionSample\ConfigurationFunctionSample.csproj", "{00B223E8-5FBA-48E0-8DBA-137DCADF56F5}"
EndProject
Project("{9A19103F-16F7-4668-BE54-9A1E7A4F7556}") = "Indigo.Functions.Configuration", "src\Indigo.Functions.Configuration\Indigo.Functions.Configuration.csproj", "{15044EF7-B0D9-481B-B6D1-50D39BE672DA}"
EndProject
Project("{9A19103F-16F7-4668-BE54-9A1E7A4F7556}") = "Indigo.Functions.Configuration.IntegrationTests", "test\Indigo.Functions.Configuration.IntegrationTests\Indigo.Functions.Configuration.IntegrationTests.csproj", "{54C4E80F-4329-4263-91AF-C2A802C2EAEE}"
EndProject
Project("{FAE04EC0-301F-11D3-BF4B-00C04F79EFBC}") = "Indigo.Functions.Configuration.IntegrationTests.Target", "test\Indigo.Functions.Configuration.IntegrationTests.Target\Indigo.Functions.Configuration.IntegrationTests.Target.csproj", "{494DBFFC-74C0-4B2C-B294-E1A3A85A903D}"
EndProject
Global
	GlobalSection(SolutionConfigurationPlatforms) = preSolution
		Debug|Any CPU = Debug|Any CPU
		Release|Any CPU = Release|Any CPU
	EndGlobalSection
	GlobalSection(ProjectConfigurationPlatforms) = postSolution
		{2D378008-39C7-42B1-8E1F-D8B9CE988779}.Debug|Any CPU.ActiveCfg = Debug|Any CPU
		{2D378008-39C7-42B1-8E1F-D8B9CE988779}.Debug|Any CPU.Build.0 = Debug|Any CPU
		{2D378008-39C7-42B1-8E1F-D8B9CE988779}.Release|Any CPU.ActiveCfg = Release|Any CPU
		{2D378008-39C7-42B1-8E1F-D8B9CE988779}.Release|Any CPU.Build.0 = Release|Any CPU
		{F31045A2-CF11-4D77-9D68-0DDF425FBB1F}.Debug|Any CPU.ActiveCfg = Debug|Any CPU
		{F31045A2-CF11-4D77-9D68-0DDF425FBB1F}.Debug|Any CPU.Build.0 = Debug|Any CPU
		{F31045A2-CF11-4D77-9D68-0DDF425FBB1F}.Release|Any CPU.ActiveCfg = Release|Any CPU
		{F31045A2-CF11-4D77-9D68-0DDF425FBB1F}.Release|Any CPU.Build.0 = Release|Any CPU
		{9490796E-8A37-4058-B94E-598AB7342440}.Debug|Any CPU.ActiveCfg = Debug|Any CPU
		{9490796E-8A37-4058-B94E-598AB7342440}.Debug|Any CPU.Build.0 = Debug|Any CPU
		{9490796E-8A37-4058-B94E-598AB7342440}.Release|Any CPU.ActiveCfg = Release|Any CPU
		{9490796E-8A37-4058-B94E-598AB7342440}.Release|Any CPU.Build.0 = Release|Any CPU
		{BD507E66-7F99-453A-A54E-EE75E3F26009}.Debug|Any CPU.ActiveCfg = Debug|Any CPU
		{BD507E66-7F99-453A-A54E-EE75E3F26009}.Debug|Any CPU.Build.0 = Debug|Any CPU
		{BD507E66-7F99-453A-A54E-EE75E3F26009}.Release|Any CPU.ActiveCfg = Release|Any CPU
		{BD507E66-7F99-453A-A54E-EE75E3F26009}.Release|Any CPU.Build.0 = Release|Any CPU
		{52615839-8F33-46DE-9819-57DC2BDA2180}.Debug|Any CPU.ActiveCfg = Debug|Any CPU
		{52615839-8F33-46DE-9819-57DC2BDA2180}.Debug|Any CPU.Build.0 = Debug|Any CPU
		{52615839-8F33-46DE-9819-57DC2BDA2180}.Release|Any CPU.ActiveCfg = Release|Any CPU
		{52615839-8F33-46DE-9819-57DC2BDA2180}.Release|Any CPU.Build.0 = Release|Any CPU
		{85B3A8B6-1716-4972-AE83-7F2FD334B9BB}.Debug|Any CPU.ActiveCfg = Debug|Any CPU
		{85B3A8B6-1716-4972-AE83-7F2FD334B9BB}.Debug|Any CPU.Build.0 = Debug|Any CPU
		{85B3A8B6-1716-4972-AE83-7F2FD334B9BB}.Release|Any CPU.ActiveCfg = Release|Any CPU
		{85B3A8B6-1716-4972-AE83-7F2FD334B9BB}.Release|Any CPU.Build.0 = Release|Any CPU
		{5615968C-9078-4BA2-933A-1D736157D880}.Debug|Any CPU.ActiveCfg = Debug|Any CPU
		{5615968C-9078-4BA2-933A-1D736157D880}.Debug|Any CPU.Build.0 = Debug|Any CPU
		{5615968C-9078-4BA2-933A-1D736157D880}.Release|Any CPU.ActiveCfg = Release|Any CPU
		{5615968C-9078-4BA2-933A-1D736157D880}.Release|Any CPU.Build.0 = Release|Any CPU
		{1BB63E4D-FCE8-414B-A0A2-B24D08BB7C8B}.Debug|Any CPU.ActiveCfg = Debug|Any CPU
		{1BB63E4D-FCE8-414B-A0A2-B24D08BB7C8B}.Debug|Any CPU.Build.0 = Debug|Any CPU
		{1BB63E4D-FCE8-414B-A0A2-B24D08BB7C8B}.Release|Any CPU.ActiveCfg = Release|Any CPU
		{1BB63E4D-FCE8-414B-A0A2-B24D08BB7C8B}.Release|Any CPU.Build.0 = Release|Any CPU
		{48E264D7-7153-40E6-9E98-1EB0E39DEC10}.Debug|Any CPU.ActiveCfg = Debug|Any CPU
		{48E264D7-7153-40E6-9E98-1EB0E39DEC10}.Debug|Any CPU.Build.0 = Debug|Any CPU
		{48E264D7-7153-40E6-9E98-1EB0E39DEC10}.Release|Any CPU.ActiveCfg = Release|Any CPU
		{48E264D7-7153-40E6-9E98-1EB0E39DEC10}.Release|Any CPU.Build.0 = Release|Any CPU
		{00B223E8-5FBA-48E0-8DBA-137DCADF56F5}.Debug|Any CPU.ActiveCfg = Debug|Any CPU
		{00B223E8-5FBA-48E0-8DBA-137DCADF56F5}.Debug|Any CPU.Build.0 = Debug|Any CPU
		{00B223E8-5FBA-48E0-8DBA-137DCADF56F5}.Release|Any CPU.ActiveCfg = Release|Any CPU
		{00B223E8-5FBA-48E0-8DBA-137DCADF56F5}.Release|Any CPU.Build.0 = Release|Any CPU
		{15044EF7-B0D9-481B-B6D1-50D39BE672DA}.Debug|Any CPU.ActiveCfg = Debug|Any CPU
		{15044EF7-B0D9-481B-B6D1-50D39BE672DA}.Debug|Any CPU.Build.0 = Debug|Any CPU
		{15044EF7-B0D9-481B-B6D1-50D39BE672DA}.Release|Any CPU.ActiveCfg = Release|Any CPU
		{15044EF7-B0D9-481B-B6D1-50D39BE672DA}.Release|Any CPU.Build.0 = Release|Any CPU
		{54C4E80F-4329-4263-91AF-C2A802C2EAEE}.Debug|Any CPU.ActiveCfg = Debug|Any CPU
		{54C4E80F-4329-4263-91AF-C2A802C2EAEE}.Debug|Any CPU.Build.0 = Debug|Any CPU
		{54C4E80F-4329-4263-91AF-C2A802C2EAEE}.Release|Any CPU.ActiveCfg = Release|Any CPU
		{54C4E80F-4329-4263-91AF-C2A802C2EAEE}.Release|Any CPU.Build.0 = Release|Any CPU
		{494DBFFC-74C0-4B2C-B294-E1A3A85A903D}.Debug|Any CPU.ActiveCfg = Debug|Any CPU
		{494DBFFC-74C0-4B2C-B294-E1A3A85A903D}.Debug|Any CPU.Build.0 = Debug|Any CPU
		{494DBFFC-74C0-4B2C-B294-E1A3A85A903D}.Release|Any CPU.ActiveCfg = Release|Any CPU
		{494DBFFC-74C0-4B2C-B294-E1A3A85A903D}.Release|Any CPU.Build.0 = Release|Any CPU
	EndGlobalSection
	GlobalSection(SolutionProperties) = preSolution
		HideSolutionNode = FALSE
	EndGlobalSection
	GlobalSection(NestedProjects) = preSolution
		{F31045A2-CF11-4D77-9D68-0DDF425FBB1F} = {2D4AADF6-CFFA-4C73-9A31-5E24799C1F28}
		{BD507E66-7F99-453A-A54E-EE75E3F26009} = {2D4AADF6-CFFA-4C73-9A31-5E24799C1F28}
		{5615968C-9078-4BA2-933A-1D736157D880} = {2D4AADF6-CFFA-4C73-9A31-5E24799C1F28}
		{00B223E8-5FBA-48E0-8DBA-137DCADF56F5} = {2D4AADF6-CFFA-4C73-9A31-5E24799C1F28}
	EndGlobalSection
	GlobalSection(ExtensibilityGlobals) = postSolution
		SolutionGuid = {EE8F85C4-2430-42BE-9233-1BA1D0C8B01A}
	EndGlobalSection
EndGlobal
