
Microsoft Visual Studio Solution File, Format Version 12.00
# Visual Studio 15
VisualStudioVersion = 15.0.27428.2027
MinimumVisualStudioVersion = 10.0.40219.1
Project("{9A19103F-16F7-4668-BE54-9A1E7A4F7556}") = "Indigo.Functions.Redis", "src\Indigo.Functions.Redis\Indigo.Functions.Redis.csproj", "{2D378008-39C7-42B1-8E1F-D8B9CE988779}"
EndProject
Project("{2150E333-8FDC-42A3-9474-1A3956D46DE8}") = "sample", "sample", "{2D4AADF6-CFFA-4C73-9A31-5E24799C1F28}"
EndProject
Project("{9A19103F-16F7-4668-BE54-9A1E7A4F7556}") = "RedisFunctionSample", "sample\RedisFunctionSample\RedisFunctionSample.csproj", "{F31045A2-CF11-4D77-9D68-0DDF425FBB1F}"
EndProject
Project("{9A19103F-16F7-4668-BE54-9A1E7A4F7556}") = "Indigo.Functions.KeyVault", "src\Indigo.Functions.KeyVault\Indigo.Functions.KeyVault.csproj", "{9490796E-8A37-4058-B94E-598AB7342440}"
EndProject
Project("{9A19103F-16F7-4668-BE54-9A1E7A4F7556}") = "KeyVaultFunctionSample", "sample\KeyVaultFunctionSample\KeyVaultFunctionSample.csproj", "{BD507E66-7F99-453A-A54E-EE75E3F26009}"
EndProject
Project("{9A19103F-16F7-4668-BE54-9A1E7A4F7556}") = "ConfigurationFunctionSample", "sample\ConfigurationFunctionSample\ConfigurationFunctionSample.csproj", "{00B223E8-5FBA-48E0-8DBA-137DCADF56F5}"
EndProject
Project("{9A19103F-16F7-4668-BE54-9A1E7A4F7556}") = "Indigo.Functions.Configuration", "src\Indigo.Functions.Configuration\Indigo.Functions.Configuration.csproj", "{15044EF7-B0D9-481B-B6D1-50D39BE672DA}"
EndProject
Project("{9A19103F-16F7-4668-BE54-9A1E7A4F7556}") = "Indigo.Functions.Configuration.IntegrationTests", "test\Indigo.Functions.Configuration.IntegrationTests\Indigo.Functions.Configuration.IntegrationTests.csproj", "{54C4E80F-4329-4263-91AF-C2A802C2EAEE}"
EndProject
Project("{9A19103F-16F7-4668-BE54-9A1E7A4F7556}") = "Indigo.Functions.Configuration.IntegrationTests.Target", "test\Indigo.Functions.Configuration.IntegrationTests.Target\Indigo.Functions.Configuration.IntegrationTests.Target.csproj", "{494DBFFC-74C0-4B2C-B294-E1A3A85A903D}"
EndProject
Project("{9A19103F-16F7-4668-BE54-9A1E7A4F7556}") = "Indigo.Functions.Redis.IntegrationTests", "test\Indigo.Functions.Redis.IntegrationTests\Indigo.Functions.Redis.IntegrationTests.csproj", "{777B3008-0702-48C7-928D-2C5E7D4CDF56}"
EndProject
Project("{9A19103F-16F7-4668-BE54-9A1E7A4F7556}") = "Indigo.Functions.Redis.IntegrationTests.Target", "test\Indigo.Functions.Redis.IntegrationTests.Target\Indigo.Functions.Redis.IntegrationTests.Target.csproj", "{931F2439-6974-4B6A-93E6-FAE69B46B561}"
EndProject
Project("{9A19103F-16F7-4668-BE54-9A1E7A4F7556}") = "Indigo.Functions.Unity", "src\Indigo.Functions.Unity\Indigo.Functions.Unity.csproj", "{DF4BB8D4-E228-46E5-BE9D-99BAE24B4A92}"
EndProject
Project("{9A19103F-16F7-4668-BE54-9A1E7A4F7556}") = "Indigo.Functions.Unity.IntegrationTests.MisconfiguredTarget", "test\Indigo.Functions.Unity.IntegrationTests.MisconfiguredTarget\Indigo.Functions.Unity.IntegrationTests.MisconfiguredTarget.csproj", "{127F3AB8-8277-4E9E-AEEC-04ECB8671ABD}"
EndProject
Project("{9A19103F-16F7-4668-BE54-9A1E7A4F7556}") = "Indigo.Functions.Unity.IntegrationTests.Target", "test\Indigo.Functions.Unity.IntegrationTests.Target\Indigo.Functions.Unity.IntegrationTests.Target.csproj", "{17E6C366-70D7-4FCE-A2C2-3D64DDC92FEB}"
EndProject
Project("{9A19103F-16F7-4668-BE54-9A1E7A4F7556}") = "UnityFunctionSample", "sample\UnityFunctionSample\UnityFunctionSample.csproj", "{5AA12286-1DC0-4EEF-AE77-781101571842}"
EndProject
Project("{9A19103F-16F7-4668-BE54-9A1E7A4F7556}") = "Indigo.Functions.Autofac", "src\Indigo.Functions.Autofac\Indigo.Functions.Autofac.csproj", "{A817D153-AAD9-4FB6-ACB6-33ED62CB67A3}"
EndProject
Project("{9A19103F-16F7-4668-BE54-9A1E7A4F7556}") = "Indigo.Functions.Autofac.IntegrationTests.Target", "test\Indigo.Functions.Autofac.IntegrationTests.Target\Indigo.Functions.Autofac.IntegrationTests.Target.csproj", "{B8CBA68F-2278-4201-AFBA-55AE7A5F0021}"
EndProject
Project("{9A19103F-16F7-4668-BE54-9A1E7A4F7556}") = "Indigo.Functions.Autofac.IntegrationTests.MisconfiguredTarget", "test\Indigo.Functions.Autofac.IntegrationTests.MisconfiguredTarget\Indigo.Functions.Autofac.IntegrationTests.MisconfiguredTarget.csproj", "{A042D080-3FEA-4407-98E6-887D0E3C3CFC}"
EndProject
Project("{9A19103F-16F7-4668-BE54-9A1E7A4F7556}") = "AutofacFunctionSample", "sample\AutofacFunctionSample\AutofacFunctionSample.csproj", "{643AF018-EC28-416E-8366-1B23F5CADE4D}"
EndProject
Project("{9A19103F-16F7-4668-BE54-9A1E7A4F7556}") = "Indigo.Functions.Injection.IntegrationTests", "test\Indigo.Functions.Injection.IntegrationTests\Indigo.Functions.Injection.IntegrationTests.csproj", "{DE20E383-F8E9-45D8-9210-75C1F81E4573}"
EndProject
Global
	GlobalSection(SolutionConfigurationPlatforms) = preSolution
		Debug|Any CPU = Debug|Any CPU
		Release|Any CPU = Release|Any CPU
	EndGlobalSection
	GlobalSection(ProjectConfigurationPlatforms) = postSolution
		{2D378008-39C7-42B1-8E1F-D8B9CE988779}.Debug|Any CPU.ActiveCfg = Debug|Any CPU
		{2D378008-39C7-42B1-8E1F-D8B9CE988779}.Debug|Any CPU.Build.0 = Debug|Any CPU
		{2D378008-39C7-42B1-8E1F-D8B9CE988779}.Release|Any CPU.ActiveCfg = Release|Any CPU
		{2D378008-39C7-42B1-8E1F-D8B9CE988779}.Release|Any CPU.Build.0 = Release|Any CPU
		{F31045A2-CF11-4D77-9D68-0DDF425FBB1F}.Debug|Any CPU.ActiveCfg = Debug|Any CPU
		{F31045A2-CF11-4D77-9D68-0DDF425FBB1F}.Debug|Any CPU.Build.0 = Debug|Any CPU
		{F31045A2-CF11-4D77-9D68-0DDF425FBB1F}.Release|Any CPU.ActiveCfg = Release|Any CPU
		{F31045A2-CF11-4D77-9D68-0DDF425FBB1F}.Release|Any CPU.Build.0 = Release|Any CPU
		{9490796E-8A37-4058-B94E-598AB7342440}.Debug|Any CPU.ActiveCfg = Debug|Any CPU
		{9490796E-8A37-4058-B94E-598AB7342440}.Debug|Any CPU.Build.0 = Debug|Any CPU
		{9490796E-8A37-4058-B94E-598AB7342440}.Release|Any CPU.ActiveCfg = Release|Any CPU
		{9490796E-8A37-4058-B94E-598AB7342440}.Release|Any CPU.Build.0 = Release|Any CPU
		{BD507E66-7F99-453A-A54E-EE75E3F26009}.Debug|Any CPU.ActiveCfg = Debug|Any CPU
		{BD507E66-7F99-453A-A54E-EE75E3F26009}.Debug|Any CPU.Build.0 = Debug|Any CPU
		{BD507E66-7F99-453A-A54E-EE75E3F26009}.Release|Any CPU.ActiveCfg = Release|Any CPU
		{BD507E66-7F99-453A-A54E-EE75E3F26009}.Release|Any CPU.Build.0 = Release|Any CPU
		{00B223E8-5FBA-48E0-8DBA-137DCADF56F5}.Debug|Any CPU.ActiveCfg = Debug|Any CPU
		{00B223E8-5FBA-48E0-8DBA-137DCADF56F5}.Debug|Any CPU.Build.0 = Debug|Any CPU
		{00B223E8-5FBA-48E0-8DBA-137DCADF56F5}.Release|Any CPU.ActiveCfg = Release|Any CPU
		{00B223E8-5FBA-48E0-8DBA-137DCADF56F5}.Release|Any CPU.Build.0 = Release|Any CPU
		{15044EF7-B0D9-481B-B6D1-50D39BE672DA}.Debug|Any CPU.ActiveCfg = Debug|Any CPU
		{15044EF7-B0D9-481B-B6D1-50D39BE672DA}.Debug|Any CPU.Build.0 = Debug|Any CPU
		{15044EF7-B0D9-481B-B6D1-50D39BE672DA}.Release|Any CPU.ActiveCfg = Release|Any CPU
		{15044EF7-B0D9-481B-B6D1-50D39BE672DA}.Release|Any CPU.Build.0 = Release|Any CPU
		{54C4E80F-4329-4263-91AF-C2A802C2EAEE}.Debug|Any CPU.ActiveCfg = Debug|Any CPU
		{54C4E80F-4329-4263-91AF-C2A802C2EAEE}.Debug|Any CPU.Build.0 = Debug|Any CPU
		{54C4E80F-4329-4263-91AF-C2A802C2EAEE}.Release|Any CPU.ActiveCfg = Release|Any CPU
		{54C4E80F-4329-4263-91AF-C2A802C2EAEE}.Release|Any CPU.Build.0 = Release|Any CPU
		{494DBFFC-74C0-4B2C-B294-E1A3A85A903D}.Debug|Any CPU.ActiveCfg = Debug|Any CPU
		{494DBFFC-74C0-4B2C-B294-E1A3A85A903D}.Debug|Any CPU.Build.0 = Debug|Any CPU
		{494DBFFC-74C0-4B2C-B294-E1A3A85A903D}.Release|Any CPU.ActiveCfg = Release|Any CPU
		{494DBFFC-74C0-4B2C-B294-E1A3A85A903D}.Release|Any CPU.Build.0 = Release|Any CPU
		{777B3008-0702-48C7-928D-2C5E7D4CDF56}.Debug|Any CPU.ActiveCfg = Debug|Any CPU
		{777B3008-0702-48C7-928D-2C5E7D4CDF56}.Debug|Any CPU.Build.0 = Debug|Any CPU
		{777B3008-0702-48C7-928D-2C5E7D4CDF56}.Release|Any CPU.ActiveCfg = Release|Any CPU
		{777B3008-0702-48C7-928D-2C5E7D4CDF56}.Release|Any CPU.Build.0 = Release|Any CPU
		{931F2439-6974-4B6A-93E6-FAE69B46B561}.Debug|Any CPU.ActiveCfg = Debug|Any CPU
		{931F2439-6974-4B6A-93E6-FAE69B46B561}.Debug|Any CPU.Build.0 = Debug|Any CPU
		{931F2439-6974-4B6A-93E6-FAE69B46B561}.Release|Any CPU.ActiveCfg = Release|Any CPU
		{931F2439-6974-4B6A-93E6-FAE69B46B561}.Release|Any CPU.Build.0 = Release|Any CPU
		{DF4BB8D4-E228-46E5-BE9D-99BAE24B4A92}.Debug|Any CPU.ActiveCfg = Debug|Any CPU
		{DF4BB8D4-E228-46E5-BE9D-99BAE24B4A92}.Debug|Any CPU.Build.0 = Debug|Any CPU
		{DF4BB8D4-E228-46E5-BE9D-99BAE24B4A92}.Release|Any CPU.ActiveCfg = Release|Any CPU
		{DF4BB8D4-E228-46E5-BE9D-99BAE24B4A92}.Release|Any CPU.Build.0 = Release|Any CPU
		{127F3AB8-8277-4E9E-AEEC-04ECB8671ABD}.Debug|Any CPU.ActiveCfg = Debug|Any CPU
		{127F3AB8-8277-4E9E-AEEC-04ECB8671ABD}.Debug|Any CPU.Build.0 = Debug|Any CPU
		{127F3AB8-8277-4E9E-AEEC-04ECB8671ABD}.Release|Any CPU.ActiveCfg = Release|Any CPU
		{127F3AB8-8277-4E9E-AEEC-04ECB8671ABD}.Release|Any CPU.Build.0 = Release|Any CPU
		{17E6C366-70D7-4FCE-A2C2-3D64DDC92FEB}.Debug|Any CPU.ActiveCfg = Debug|Any CPU
		{17E6C366-70D7-4FCE-A2C2-3D64DDC92FEB}.Debug|Any CPU.Build.0 = Debug|Any CPU
		{17E6C366-70D7-4FCE-A2C2-3D64DDC92FEB}.Release|Any CPU.ActiveCfg = Release|Any CPU
		{17E6C366-70D7-4FCE-A2C2-3D64DDC92FEB}.Release|Any CPU.Build.0 = Release|Any CPU
		{5AA12286-1DC0-4EEF-AE77-781101571842}.Debug|Any CPU.ActiveCfg = Debug|Any CPU
		{5AA12286-1DC0-4EEF-AE77-781101571842}.Debug|Any CPU.Build.0 = Debug|Any CPU
		{5AA12286-1DC0-4EEF-AE77-781101571842}.Release|Any CPU.ActiveCfg = Release|Any CPU
		{5AA12286-1DC0-4EEF-AE77-781101571842}.Release|Any CPU.Build.0 = Release|Any CPU
		{A817D153-AAD9-4FB6-ACB6-33ED62CB67A3}.Debug|Any CPU.ActiveCfg = Debug|Any CPU
		{A817D153-AAD9-4FB6-ACB6-33ED62CB67A3}.Debug|Any CPU.Build.0 = Debug|Any CPU
		{A817D153-AAD9-4FB6-ACB6-33ED62CB67A3}.Release|Any CPU.ActiveCfg = Release|Any CPU
		{A817D153-AAD9-4FB6-ACB6-33ED62CB67A3}.Release|Any CPU.Build.0 = Release|Any CPU
		{B8CBA68F-2278-4201-AFBA-55AE7A5F0021}.Debug|Any CPU.ActiveCfg = Debug|Any CPU
		{B8CBA68F-2278-4201-AFBA-55AE7A5F0021}.Debug|Any CPU.Build.0 = Debug|Any CPU
		{B8CBA68F-2278-4201-AFBA-55AE7A5F0021}.Release|Any CPU.ActiveCfg = Release|Any CPU
		{B8CBA68F-2278-4201-AFBA-55AE7A5F0021}.Release|Any CPU.Build.0 = Release|Any CPU
		{A042D080-3FEA-4407-98E6-887D0E3C3CFC}.Debug|Any CPU.ActiveCfg = Debug|Any CPU
		{A042D080-3FEA-4407-98E6-887D0E3C3CFC}.Debug|Any CPU.Build.0 = Debug|Any CPU
		{A042D080-3FEA-4407-98E6-887D0E3C3CFC}.Release|Any CPU.ActiveCfg = Release|Any CPU
		{A042D080-3FEA-4407-98E6-887D0E3C3CFC}.Release|Any CPU.Build.0 = Release|Any CPU
		{643AF018-EC28-416E-8366-1B23F5CADE4D}.Debug|Any CPU.ActiveCfg = Debug|Any CPU
		{643AF018-EC28-416E-8366-1B23F5CADE4D}.Debug|Any CPU.Build.0 = Debug|Any CPU
		{643AF018-EC28-416E-8366-1B23F5CADE4D}.Release|Any CPU.ActiveCfg = Release|Any CPU
		{643AF018-EC28-416E-8366-1B23F5CADE4D}.Release|Any CPU.Build.0 = Release|Any CPU
		{DE20E383-F8E9-45D8-9210-75C1F81E4573}.Debug|Any CPU.ActiveCfg = Debug|Any CPU
		{DE20E383-F8E9-45D8-9210-75C1F81E4573}.Debug|Any CPU.Build.0 = Debug|Any CPU
		{DE20E383-F8E9-45D8-9210-75C1F81E4573}.Release|Any CPU.ActiveCfg = Release|Any CPU
		{DE20E383-F8E9-45D8-9210-75C1F81E4573}.Release|Any CPU.Build.0 = Release|Any CPU
	EndGlobalSection
	GlobalSection(SolutionProperties) = preSolution
		HideSolutionNode = FALSE
	EndGlobalSection
	GlobalSection(NestedProjects) = preSolution
		{F31045A2-CF11-4D77-9D68-0DDF425FBB1F} = {2D4AADF6-CFFA-4C73-9A31-5E24799C1F28}
		{BD507E66-7F99-453A-A54E-EE75E3F26009} = {2D4AADF6-CFFA-4C73-9A31-5E24799C1F28}
		{00B223E8-5FBA-48E0-8DBA-137DCADF56F5} = {2D4AADF6-CFFA-4C73-9A31-5E24799C1F28}
		{5AA12286-1DC0-4EEF-AE77-781101571842} = {2D4AADF6-CFFA-4C73-9A31-5E24799C1F28}
		{643AF018-EC28-416E-8366-1B23F5CADE4D} = {2D4AADF6-CFFA-4C73-9A31-5E24799C1F28}
	EndGlobalSection
	GlobalSection(ExtensibilityGlobals) = postSolution
		SolutionGuid = {EE8F85C4-2430-42BE-9233-1BA1D0C8B01A}
	EndGlobalSection
EndGlobal
